
Microsoft Visual Studio Solution File, Format Version 12.00
# Visual Studio Version 16
VisualStudioVersion = 16.0.30717.126
MinimumVisualStudioVersion = 10.0.40219.1
Project("{FAE04EC0-301F-11D3-BF4B-00C04F79EFBC}") = "Teretane", "Teretane\Teretane.csproj", "{83C1488A-63A7-4056-9306-C6FBB403DBC8}"
EndProject
Global
	GlobalSection(SolutionConfigurationPlatforms) = preSolution
		Debug|Any CPU = Debug|Any CPU
		Release|Any CPU = Release|Any CPU
	EndGlobalSection
	GlobalSection(ProjectConfigurationPlatforms) = postSolution
		{83C1488A-63A7-4056-9306-C6FBB403DBC8}.Debug|Any CPU.ActiveCfg = Debug|Any CPU
		{83C1488A-63A7-4056-9306-C6FBB403DBC8}.Debug|Any CPU.Build.0 = Debug|Any CPU
		{83C1488A-63A7-4056-9306-C6FBB403DBC8}.Release|Any CPU.ActiveCfg = Release|Any CPU
		{83C1488A-63A7-4056-9306-C6FBB403DBC8}.Release|Any CPU.Build.0 = Release|Any CPU
	EndGlobalSection
	GlobalSection(SolutionProperties) = preSolution
		HideSolutionNode = FALSE
	EndGlobalSection
	GlobalSection(ExtensibilityGlobals) = postSolution
		SolutionGuid = {F10A9B18-F7B9-479F-A870-674AE79D61F3}
	EndGlobalSection
EndGlobal
